
Microsoft Visual Studio Solution File, Format Version 12.00
# Visual Studio Version 17
VisualStudioVersion = 17.4.33213.308
MinimumVisualStudioVersion = 10.0.40219.1
Project("{2150E333-8FDC-42A3-9474-1A3956D46DE8}") = "01.dependency-injection-with-ioptions-in-console-apps", "01.dependency-injection-with-ioptions-in-console-apps", "{A4E34F9E-31B1-4749-9F1E-3F0E3EEA4790}"
	ProjectSection(SolutionItems) = preProject
		01.dependency-injection-with-ioptions-in-console-apps\Ktt.ConsoleAppDependencyInjection.sln = 01.dependency-injection-with-ioptions-in-console-apps\Ktt.ConsoleAppDependencyInjection.sln
		01.dependency-injection-with-ioptions-in-console-apps\README.md = 01.dependency-injection-with-ioptions-in-console-apps\README.md
	EndProjectSection
EndProject
Project("{2150E333-8FDC-42A3-9474-1A3956D46DE8}") = "_meta", "_meta", "{0E816DC2-0BCE-4485-80D6-173EF9F7D1FF}"
	ProjectSection(SolutionItems) = preProject
		.editorconfig = .editorconfig
		.gitignore = .gitignore
		LICENSE = LICENSE
		README.md = README.md
	EndProjectSection
EndProject
Project("{2150E333-8FDC-42A3-9474-1A3956D46DE8}") = "02.simple-jwt-access-policies-for-api-security-in-net", "02.simple-jwt-access-policies-for-api-security-in-net", "{41BECB35-D39D-4C27-800E-E637A84FA5D8}"
	ProjectSection(SolutionItems) = preProject
		02.simple-jwt-access-policies-for-api-security-in-net\generate_keys.sh = 02.simple-jwt-access-policies-for-api-security-in-net\generate_keys.sh
		02.simple-jwt-access-policies-for-api-security-in-net\Ktt.JwtSecuredApi.sln = 02.simple-jwt-access-policies-for-api-security-in-net\Ktt.JwtSecuredApi.sln
		02.simple-jwt-access-policies-for-api-security-in-net\README.md = 02.simple-jwt-access-policies-for-api-security-in-net\README.md
	EndProjectSection
EndProject
Project("{2150E333-8FDC-42A3-9474-1A3956D46DE8}") = "03.option-injection", "03.option-injection", "{60A625F9-1565-471D-B0FD-A7956735DF85}"
	ProjectSection(SolutionItems) = preProject
		03.option-injection\Ktt.ApiOptionInjection.sln = 03.option-injection\Ktt.ApiOptionInjection.sln
		03.option-injection\README.md = 03.option-injection\README.md
	EndProjectSection
EndProject
Project("{2150E333-8FDC-42A3-9474-1A3956D46DE8}") = "04.command-line-di-poc", "04.command-line-di-poc", "{6ED4C763-D516-4509-89E5-5D2F0DC2D3CC}"
	ProjectSection(SolutionItems) = preProject
		04.command-line-di-poc\Ktt.System.CommandLine.sln = 04.command-line-di-poc\Ktt.System.CommandLine.sln
		04.command-line-di-poc\README.md = 04.command-line-di-poc\README.md
	EndProjectSection
EndProject
Project("{2150E333-8FDC-42A3-9474-1A3956D46DE8}") = "05.roman-numerals", "05.roman-numerals", "{B81F0520-D208-486C-B538-9F18D5BBF540}"
	ProjectSection(SolutionItems) = preProject
		05.roman-numerals\Ktt.RomanNumerals.sln = 05.roman-numerals\Ktt.RomanNumerals.sln
		05.roman-numerals\README.md = 05.roman-numerals\README.md
	EndProjectSection
EndProject
Project("{2150E333-8FDC-42A3-9474-1A3956D46DE8}") = "06.handlebars", "06.handlebars", "{955F43E9-BB27-4FE0-9E46-10AEF31FCD38}"
	ProjectSection(SolutionItems) = preProject
		06.handlebars\Ktt.JsonHandlebars.sln = 06.handlebars\Ktt.JsonHandlebars.sln
		06.handlebars\README.md = 06.handlebars\README.md
	EndProjectSection
EndProject
Project("{9A19103F-16F7-4668-BE54-9A1E7A4F7556}") = "Ktt.JsonHandlebars", "06.handlebars\Ktt.JsonHandlebars\Ktt.JsonHandlebars.csproj", "{80CFEF3B-6901-44B8-8418-2E74BD104823}"
EndProject
Project("{9A19103F-16F7-4668-BE54-9A1E7A4F7556}") = "Ktt.JsonHandlebars.Test", "06.handlebars\Ktt.JsonHandlebars.Test\Ktt.JsonHandlebars.Test.csproj", "{8F88EB3C-FC9D-4123-9F78-67E77C8FE28E}"
EndProject
Project("{9A19103F-16F7-4668-BE54-9A1E7A4F7556}") = "Ktt.ConsoleAppDependencyInjection", "01.dependency-injection-with-ioptions-in-console-apps\Ktt.ConsoleAppDependencyInjection\Ktt.ConsoleAppDependencyInjection.csproj", "{842BD41E-0473-46A7-9A8E-64C79ACB75DA}"
EndProject
Project("{9A19103F-16F7-4668-BE54-9A1E7A4F7556}") = "Ktt.JwtSecuredApi", "02.simple-jwt-access-policies-for-api-security-in-net\Ktt.JwtSecuredApi\Ktt.JwtSecuredApi.csproj", "{F4A2F704-336E-4D63-B7D0-ADC07207E95D}"
EndProject
Project("{9A19103F-16F7-4668-BE54-9A1E7A4F7556}") = "Ktt.ApiOptionInjection", "03.option-injection\Ktt.ApiOptionInjection\Ktt.ApiOptionInjection.csproj", "{EEB1B175-57E0-44A9-BBB2-B4DC02E8ECA8}"
EndProject
Project("{9A19103F-16F7-4668-BE54-9A1E7A4F7556}") = "Ktt.RomanNumerals", "05.roman-numerals\Ktt.RomanNumerals\Ktt.RomanNumerals.csproj", "{570715A8-44E5-4D59-9E28-3280D7EB87CC}"
EndProject
Project("{9A19103F-16F7-4668-BE54-9A1E7A4F7556}") = "Ktt.RomanNumerals.Test", "05.roman-numerals\Ktt.RomanNumerals.Test\Ktt.RomanNumerals.Test.csproj", "{7DC02754-F052-44FC-A737-86DC8D70566E}"
EndProject
Project("{9A19103F-16F7-4668-BE54-9A1E7A4F7556}") = "Ktt.System.CommandLine", "04.command-line-di-poc\Ktt.System.CommandLine\Ktt.System.CommandLine.csproj", "{5C4D77BF-FE1B-49A2-9039-4754C42621CF}"
EndProject
Project("{2150E333-8FDC-42A3-9474-1A3956D46DE8}") = "08.bypass-company-wallpaper", "08.bypass-company-wallpaper", "{5B0089D0-71C0-498F-AFEE-19EFA38B16D4}"
	ProjectSection(SolutionItems) = preProject
		08.bypass-company-wallpaper\ChangeWallpaper.ps1 = 08.bypass-company-wallpaper\ChangeWallpaper.ps1
		08.bypass-company-wallpaper\Init.ps1 = 08.bypass-company-wallpaper\Init.ps1
		08.bypass-company-wallpaper\README.md = 08.bypass-company-wallpaper\README.md
		08.bypass-company-wallpaper\SetupTask.ps1 = 08.bypass-company-wallpaper\SetupTask.ps1
	EndProjectSection
EndProject
Project("{2150E333-8FDC-42A3-9474-1A3956D46DE8}") = "12.http-and-resilience", "12.http-and-resilience", "{06C8CA45-4552-4D57-A28D-75BB7A7C3C6F}"
	ProjectSection(SolutionItems) = preProject
		12.http-and-resilience\generate-kiota-clients.ps1 = 12.http-and-resilience\generate-kiota-clients.ps1
		12.http-and-resilience\httpstatus-open-api.yml = 12.http-and-resilience\httpstatus-open-api.yml
		12.http-and-resilience\README.md = 12.http-and-resilience\README.md
	EndProjectSection
EndProject
Project("{FAE04EC0-301F-11D3-BF4B-00C04F79EFBC}") = "Ktt.Resilience.App", "12.http-and-resilience\Ktt.Resilience.App\Ktt.Resilience.App.csproj", "{AD148AF8-E5C0-461C-8D66-DA01260B60DD}"
EndProject
Project("{FAE04EC0-301F-11D3-BF4B-00C04F79EFBC}") = "Ktt.Resilience.Clients", "12.http-and-resilience\Ktt.Resilience.Clients\Ktt.Resilience.Clients.csproj", "{F89868C3-6BA2-2FA0-4B97-C834543C1A4D}"
EndProject
Project("{FAE04EC0-301F-11D3-BF4B-00C04F79EFBC}") = "Ktt.Resilience.Clients.Kiota", "12.http-and-resilience\Ktt.Resilience.Clients.Kiota\Ktt.Resilience.Clients.Kiota.csproj", "{26724237-DF9D-C55A-741B-6D839D7C6B24}"
EndProject
Project("{FAE04EC0-301F-11D3-BF4B-00C04F79EFBC}") = "Ktt.Resilience.Tests", "12.http-and-resilience\Ktt.Resilience.Tests\Ktt.Resilience.Tests.csproj", "{E39EF968-DABB-49DD-8568-141A7812FEEC}"
EndProject
Project("{2150E333-8FDC-42A3-9474-1A3956D46DE8}") = "14.validation", "14.validation", "{7A95FAE0-08D3-4317-B7AA-F225BB2C8714}"
	ProjectSection(SolutionItems) = preProject
		14.validation\README.md = 14.validation\README.md
	EndProjectSection
EndProject
Project("{2150E333-8FDC-42A3-9474-1A3956D46DE8}") = "13.chocolatey", "13.chocolatey", "{D74ECA01-B23F-4FBA-B905-6C9D1D2B19A0}"
	ProjectSection(SolutionItems) = preProject
		13.chocolatey\install.ps1 = 13.chocolatey\install.ps1
		13.chocolatey\list.ps1 = 13.chocolatey\list.ps1
		13.chocolatey\packages.ps1 = 13.chocolatey\packages.ps1
		13.chocolatey\pin-remove.ps1 = 13.chocolatey\pin-remove.ps1
		13.chocolatey\pin.ps1 = 13.chocolatey\pin.ps1
		13.chocolatey\post-install.ps1 = 13.chocolatey\post-install.ps1
		13.chocolatey\README.md = 13.chocolatey\README.md
		13.chocolatey\upgrade-task-with-make-me-admin.ps1 = 13.chocolatey\upgrade-task-with-make-me-admin.ps1
		13.chocolatey\upgrade-task.ps1 = 13.chocolatey\upgrade-task.ps1
	EndProjectSection
EndProject
Project("{FAE04EC0-301F-11D3-BF4B-00C04F79EFBC}") = "Ktt.Validation.Api", "14.validation\Ktt.Validation.Api\Ktt.Validation.Api.csproj", "{37B68770-6B5C-47FE-BC32-8A76A206D759}"
EndProject
Project("{FAE04EC0-301F-11D3-BF4B-00C04F79EFBC}") = "Ktt.Validation.Api.Tests", "14.validation\Ktt.Validation.Api.Tests\Ktt.Validation.Api.Tests.csproj", "{83BD8B59-762C-491B-8037-DE90DA067252}"
EndProject
Project("{2150E333-8FDC-42A3-9474-1A3956D46DE8}") = "09.simple-slack-messages", "09.simple-slack-messages", "{7C10B886-BF84-4F11-BDF8-B0C6440EF271}"
	ProjectSection(SolutionItems) = preProject
		09.simple-slack-messages\expample.env = 09.simple-slack-messages\expample.env
		09.simple-slack-messages\README.md = 09.simple-slack-messages\README.md
		09.simple-slack-messages\slack-app-manifest.yml = 09.simple-slack-messages\slack-app-manifest.yml
		09.simple-slack-messages\slack.ipynb = 09.simple-slack-messages\slack.ipynb
		09.simple-slack-messages\wall-e-and-eve.jpg = 09.simple-slack-messages\wall-e-and-eve.jpg
	EndProjectSection
EndProject
Project("{2150E333-8FDC-42A3-9474-1A3956D46DE8}") = "11.jupyter-pil-images", "11.jupyter-pil-images", "{FE08EF90-D720-4197-AA14-87649D356EF0}"
	ProjectSection(SolutionItems) = preProject
		11.jupyter-pil-images\plotting-a-grid-of-pil-images-in-jupyter.ipynb = 11.jupyter-pil-images\plotting-a-grid-of-pil-images-in-jupyter.ipynb
		11.jupyter-pil-images\README.md = 11.jupyter-pil-images\README.md
	EndProjectSection
EndProject
Global
	GlobalSection(SolutionConfigurationPlatforms) = preSolution
		Debug|Any CPU = Debug|Any CPU
		Release|Any CPU = Release|Any CPU
	EndGlobalSection
	GlobalSection(ProjectConfigurationPlatforms) = postSolution
		{80CFEF3B-6901-44B8-8418-2E74BD104823}.Debug|Any CPU.ActiveCfg = Debug|Any CPU
		{80CFEF3B-6901-44B8-8418-2E74BD104823}.Debug|Any CPU.Build.0 = Debug|Any CPU
		{80CFEF3B-6901-44B8-8418-2E74BD104823}.Release|Any CPU.ActiveCfg = Release|Any CPU
		{80CFEF3B-6901-44B8-8418-2E74BD104823}.Release|Any CPU.Build.0 = Release|Any CPU
		{8F88EB3C-FC9D-4123-9F78-67E77C8FE28E}.Debug|Any CPU.ActiveCfg = Debug|Any CPU
		{8F88EB3C-FC9D-4123-9F78-67E77C8FE28E}.Debug|Any CPU.Build.0 = Debug|Any CPU
		{8F88EB3C-FC9D-4123-9F78-67E77C8FE28E}.Release|Any CPU.ActiveCfg = Release|Any CPU
		{8F88EB3C-FC9D-4123-9F78-67E77C8FE28E}.Release|Any CPU.Build.0 = Release|Any CPU
		{842BD41E-0473-46A7-9A8E-64C79ACB75DA}.Debug|Any CPU.ActiveCfg = Debug|Any CPU
		{842BD41E-0473-46A7-9A8E-64C79ACB75DA}.Debug|Any CPU.Build.0 = Debug|Any CPU
		{842BD41E-0473-46A7-9A8E-64C79ACB75DA}.Release|Any CPU.ActiveCfg = Release|Any CPU
		{842BD41E-0473-46A7-9A8E-64C79ACB75DA}.Release|Any CPU.Build.0 = Release|Any CPU
		{F4A2F704-336E-4D63-B7D0-ADC07207E95D}.Debug|Any CPU.ActiveCfg = Debug|Any CPU
		{F4A2F704-336E-4D63-B7D0-ADC07207E95D}.Debug|Any CPU.Build.0 = Debug|Any CPU
		{F4A2F704-336E-4D63-B7D0-ADC07207E95D}.Release|Any CPU.ActiveCfg = Release|Any CPU
		{F4A2F704-336E-4D63-B7D0-ADC07207E95D}.Release|Any CPU.Build.0 = Release|Any CPU
		{EEB1B175-57E0-44A9-BBB2-B4DC02E8ECA8}.Debug|Any CPU.ActiveCfg = Debug|Any CPU
		{EEB1B175-57E0-44A9-BBB2-B4DC02E8ECA8}.Debug|Any CPU.Build.0 = Debug|Any CPU
		{EEB1B175-57E0-44A9-BBB2-B4DC02E8ECA8}.Release|Any CPU.ActiveCfg = Release|Any CPU
		{EEB1B175-57E0-44A9-BBB2-B4DC02E8ECA8}.Release|Any CPU.Build.0 = Release|Any CPU
		{570715A8-44E5-4D59-9E28-3280D7EB87CC}.Debug|Any CPU.ActiveCfg = Debug|Any CPU
		{570715A8-44E5-4D59-9E28-3280D7EB87CC}.Debug|Any CPU.Build.0 = Debug|Any CPU
		{570715A8-44E5-4D59-9E28-3280D7EB87CC}.Release|Any CPU.ActiveCfg = Release|Any CPU
		{570715A8-44E5-4D59-9E28-3280D7EB87CC}.Release|Any CPU.Build.0 = Release|Any CPU
		{7DC02754-F052-44FC-A737-86DC8D70566E}.Debug|Any CPU.ActiveCfg = Debug|Any CPU
		{7DC02754-F052-44FC-A737-86DC8D70566E}.Debug|Any CPU.Build.0 = Debug|Any CPU
		{7DC02754-F052-44FC-A737-86DC8D70566E}.Release|Any CPU.ActiveCfg = Release|Any CPU
		{7DC02754-F052-44FC-A737-86DC8D70566E}.Release|Any CPU.Build.0 = Release|Any CPU
		{5C4D77BF-FE1B-49A2-9039-4754C42621CF}.Debug|Any CPU.ActiveCfg = Debug|Any CPU
		{5C4D77BF-FE1B-49A2-9039-4754C42621CF}.Debug|Any CPU.Build.0 = Debug|Any CPU
		{5C4D77BF-FE1B-49A2-9039-4754C42621CF}.Release|Any CPU.ActiveCfg = Release|Any CPU
		{5C4D77BF-FE1B-49A2-9039-4754C42621CF}.Release|Any CPU.Build.0 = Release|Any CPU
		{AD148AF8-E5C0-461C-8D66-DA01260B60DD}.Debug|Any CPU.ActiveCfg = Debug|Any CPU
		{AD148AF8-E5C0-461C-8D66-DA01260B60DD}.Debug|Any CPU.Build.0 = Debug|Any CPU
		{AD148AF8-E5C0-461C-8D66-DA01260B60DD}.Release|Any CPU.ActiveCfg = Release|Any CPU
		{AD148AF8-E5C0-461C-8D66-DA01260B60DD}.Release|Any CPU.Build.0 = Release|Any CPU
		{F89868C3-6BA2-2FA0-4B97-C834543C1A4D}.Debug|Any CPU.ActiveCfg = Debug|Any CPU
		{F89868C3-6BA2-2FA0-4B97-C834543C1A4D}.Debug|Any CPU.Build.0 = Debug|Any CPU
		{F89868C3-6BA2-2FA0-4B97-C834543C1A4D}.Release|Any CPU.ActiveCfg = Release|Any CPU
		{F89868C3-6BA2-2FA0-4B97-C834543C1A4D}.Release|Any CPU.Build.0 = Release|Any CPU
		{26724237-DF9D-C55A-741B-6D839D7C6B24}.Debug|Any CPU.ActiveCfg = Debug|Any CPU
		{26724237-DF9D-C55A-741B-6D839D7C6B24}.Debug|Any CPU.Build.0 = Debug|Any CPU
		{26724237-DF9D-C55A-741B-6D839D7C6B24}.Release|Any CPU.ActiveCfg = Release|Any CPU
		{26724237-DF9D-C55A-741B-6D839D7C6B24}.Release|Any CPU.Build.0 = Release|Any CPU
		{E39EF968-DABB-49DD-8568-141A7812FEEC}.Debug|Any CPU.ActiveCfg = Debug|Any CPU
		{E39EF968-DABB-49DD-8568-141A7812FEEC}.Debug|Any CPU.Build.0 = Debug|Any CPU
		{E39EF968-DABB-49DD-8568-141A7812FEEC}.Release|Any CPU.ActiveCfg = Release|Any CPU
		{E39EF968-DABB-49DD-8568-141A7812FEEC}.Release|Any CPU.Build.0 = Release|Any CPU
		{37B68770-6B5C-47FE-BC32-8A76A206D759}.Debug|Any CPU.ActiveCfg = Debug|Any CPU
		{37B68770-6B5C-47FE-BC32-8A76A206D759}.Debug|Any CPU.Build.0 = Debug|Any CPU
		{37B68770-6B5C-47FE-BC32-8A76A206D759}.Release|Any CPU.ActiveCfg = Release|Any CPU
		{37B68770-6B5C-47FE-BC32-8A76A206D759}.Release|Any CPU.Build.0 = Release|Any CPU
		{83BD8B59-762C-491B-8037-DE90DA067252}.Debug|Any CPU.ActiveCfg = Debug|Any CPU
		{83BD8B59-762C-491B-8037-DE90DA067252}.Debug|Any CPU.Build.0 = Debug|Any CPU
		{83BD8B59-762C-491B-8037-DE90DA067252}.Release|Any CPU.ActiveCfg = Release|Any CPU
		{83BD8B59-762C-491B-8037-DE90DA067252}.Release|Any CPU.Build.0 = Release|Any CPU
	EndGlobalSection
	GlobalSection(SolutionProperties) = preSolution
		HideSolutionNode = FALSE
	EndGlobalSection
	GlobalSection(NestedProjects) = preSolution
		{80CFEF3B-6901-44B8-8418-2E74BD104823} = {955F43E9-BB27-4FE0-9E46-10AEF31FCD38}
		{8F88EB3C-FC9D-4123-9F78-67E77C8FE28E} = {955F43E9-BB27-4FE0-9E46-10AEF31FCD38}
		{842BD41E-0473-46A7-9A8E-64C79ACB75DA} = {A4E34F9E-31B1-4749-9F1E-3F0E3EEA4790}
		{F4A2F704-336E-4D63-B7D0-ADC07207E95D} = {41BECB35-D39D-4C27-800E-E637A84FA5D8}
		{EEB1B175-57E0-44A9-BBB2-B4DC02E8ECA8} = {60A625F9-1565-471D-B0FD-A7956735DF85}
		{570715A8-44E5-4D59-9E28-3280D7EB87CC} = {B81F0520-D208-486C-B538-9F18D5BBF540}
		{7DC02754-F052-44FC-A737-86DC8D70566E} = {B81F0520-D208-486C-B538-9F18D5BBF540}
		{5C4D77BF-FE1B-49A2-9039-4754C42621CF} = {6ED4C763-D516-4509-89E5-5D2F0DC2D3CC}
		{AD148AF8-E5C0-461C-8D66-DA01260B60DD} = {06C8CA45-4552-4D57-A28D-75BB7A7C3C6F}
		{F89868C3-6BA2-2FA0-4B97-C834543C1A4D} = {06C8CA45-4552-4D57-A28D-75BB7A7C3C6F}
		{26724237-DF9D-C55A-741B-6D839D7C6B24} = {06C8CA45-4552-4D57-A28D-75BB7A7C3C6F}
		{E39EF968-DABB-49DD-8568-141A7812FEEC} = {06C8CA45-4552-4D57-A28D-75BB7A7C3C6F}
		{37B68770-6B5C-47FE-BC32-8A76A206D759} = {7A95FAE0-08D3-4317-B7AA-F225BB2C8714}
		{83BD8B59-762C-491B-8037-DE90DA067252} = {7A95FAE0-08D3-4317-B7AA-F225BB2C8714}
	EndGlobalSection
	GlobalSection(ExtensibilityGlobals) = postSolution
		SolutionGuid = {8FE17B5E-340D-4FBA-8516-94794B1338C0}
	EndGlobalSection
EndGlobal
